
Microsoft Visual Studio Solution File, Format Version 12.00
# Visual Studio 15
VisualStudioVersion = 15.0.28010.2036
MinimumVisualStudioVersion = 10.0.40219.1
Project("{FAE04EC0-301F-11D3-BF4B-00C04F79EFBC}") = "BCLProject", "BCLProject\BCLProject.csproj", "{C15D24D7-A1BC-45C2-944F-A5817E0C1C1A}"
EndProject
Global
	GlobalSection(SolutionConfigurationPlatforms) = preSolution
		Debug|Any CPU = Debug|Any CPU
		Release|Any CPU = Release|Any CPU
	EndGlobalSection
	GlobalSection(ProjectConfigurationPlatforms) = postSolution
		{C15D24D7-A1BC-45C2-944F-A5817E0C1C1A}.Debug|Any CPU.ActiveCfg = Debug|Any CPU
		{C15D24D7-A1BC-45C2-944F-A5817E0C1C1A}.Debug|Any CPU.Build.0 = Debug|Any CPU
		{C15D24D7-A1BC-45C2-944F-A5817E0C1C1A}.Release|Any CPU.ActiveCfg = Release|Any CPU
		{C15D24D7-A1BC-45C2-944F-A5817E0C1C1A}.Release|Any CPU.Build.0 = Release|Any CPU
	EndGlobalSection
	GlobalSection(SolutionProperties) = preSolution
		HideSolutionNode = FALSE
	EndGlobalSection
	GlobalSection(ExtensibilityGlobals) = postSolution
		SolutionGuid = {99B36922-B4BE-4D3B-8EC9-95C0CD8CD009}
	EndGlobalSection
EndGlobal
